
Microsoft Visual Studio Solution File, Format Version 12.00
# Visual Studio 15
VisualStudioVersion = 15.0.26430.16
MinimumVisualStudioVersion = 10.0.40219.1
Project("{FAE04EC0-301F-11D3-BF4B-00C04F79EFBC}") = "Soundboard", "Soundboard\Soundboard.csproj", "{768A31F6-4B96-4865-8E2F-C60B924063C6}"
EndProject
Project("{FAE04EC0-301F-11D3-BF4B-00C04F79EFBC}") = "Soundboard.Tests", "Soundboard.Tests\Soundboard.Tests.csproj", "{036B22E0-349E-429E-A8D9-3BD441CE981C}"
EndProject
Project("{2150E333-8FDC-42A3-9474-1A3956D46DE8}") = "example-implementation", "example-implementation", "{3608DDD4-F92F-4B5C-8A6B-2BB3108D7FD0}"
EndProject
Project("{FAE04EC0-301F-11D3-BF4B-00C04F79EFBC}") = "Soundboard.Console", "example-implementation\Soundboard.Console\Soundboard.Console.csproj", "{D27D99FA-F402-4867-ACF1-24AA433947B3}"
EndProject
Global
	GlobalSection(SolutionConfigurationPlatforms) = preSolution
		Debug|Any CPU = Debug|Any CPU
		Release|Any CPU = Release|Any CPU
	EndGlobalSection
	GlobalSection(ProjectConfigurationPlatforms) = postSolution
		{768A31F6-4B96-4865-8E2F-C60B924063C6}.Debug|Any CPU.ActiveCfg = Debug|Any CPU
		{768A31F6-4B96-4865-8E2F-C60B924063C6}.Debug|Any CPU.Build.0 = Debug|Any CPU
		{768A31F6-4B96-4865-8E2F-C60B924063C6}.Release|Any CPU.ActiveCfg = Release|Any CPU
		{768A31F6-4B96-4865-8E2F-C60B924063C6}.Release|Any CPU.Build.0 = Release|Any CPU
		{036B22E0-349E-429E-A8D9-3BD441CE981C}.Debug|Any CPU.ActiveCfg = Debug|Any CPU
		{036B22E0-349E-429E-A8D9-3BD441CE981C}.Debug|Any CPU.Build.0 = Debug|Any CPU
		{036B22E0-349E-429E-A8D9-3BD441CE981C}.Release|Any CPU.ActiveCfg = Release|Any CPU
		{036B22E0-349E-429E-A8D9-3BD441CE981C}.Release|Any CPU.Build.0 = Release|Any CPU
		{D27D99FA-F402-4867-ACF1-24AA433947B3}.Debug|Any CPU.ActiveCfg = Debug|Any CPU
		{D27D99FA-F402-4867-ACF1-24AA433947B3}.Debug|Any CPU.Build.0 = Debug|Any CPU
		{D27D99FA-F402-4867-ACF1-24AA433947B3}.Release|Any CPU.ActiveCfg = Release|Any CPU
		{D27D99FA-F402-4867-ACF1-24AA433947B3}.Release|Any CPU.Build.0 = Release|Any CPU
	EndGlobalSection
	GlobalSection(SolutionProperties) = preSolution
		HideSolutionNode = FALSE
	EndGlobalSection
	GlobalSection(NestedProjects) = preSolution
		{D27D99FA-F402-4867-ACF1-24AA433947B3} = {3608DDD4-F92F-4B5C-8A6B-2BB3108D7FD0}
	EndGlobalSection
EndGlobal
